# THIS IS AN AUTOGENERATED FILE. DO NOT EDIT THIS FILE DIRECTLY.
# yarn lockfile v1


"@rolldown/pluginutils@1.0.0-rc.7":
  version "1.0.0-rc.7"
  resolved "https://registry.npmjs.org/@rolldown/pluginutils/-/pluginutils-1.0.0-rc.7.tgz"
  integrity sha512-qujRfC8sFVInYSPPMLQByRh7zhwkGFS4+tyMQ83srV1qrxL4g8E2tyxVVyxd0+8QeBM1mIk9KbWxkegRr76XzA==

"@swc/core-darwin-arm64@1.15.32":
  version "1.15.32"
  resolved "https://registry.yarnpkg.com/@swc/core-darwin-arm64/-/core-darwin-arm64-1.15.32.tgz#3592714588fdbb8b7a869f81ff96c7236fcf1c09"
  integrity sha512-/YWMvJDPu+AAwuUsM2G+DNQ/7zhodURGzdQyewEqcvgklAdDHs3LwQmLLnyn6SJl8DT8UOxkbzK+D1PmPeelRg==

"@swc/core-darwin-x64@1.15.32":
  version "1.15.32"
  resolved "https://registry.yarnpkg.com/@swc/core-darwin-x64/-/core-darwin-x64-1.15.32.tgz#965044b632933146e319862ea7e4b717eb9f83dd"
  integrity sha512-KOTXJXdAhWL+hZ77MYP3z+4pcMFaQhQ74yqyN1uz093q0YnbxpqMtYpPISbYvMHzVRNNx5kN+9RZAXEaadhWVA==

"@swc/core-linux-arm-gnueabihf@1.15.32":
  version "1.15.32"
  resolved "https://registry.yarnpkg.com/@swc/core-linux-arm-gnueabihf/-/core-linux-arm-gnueabihf-1.15.32.tgz#70e70ad6ad961055f4a9be9e4947e455c18239e6"
  integrity sha512-oOoxLweljlc0A4X8ybsgxV7cVaYTwBOg2iMDJcFR3Sr48C+lsv9VzSmqdK/IVIXF4W4GjLc3VqTAdSMXlfVLuQ==

"@swc/core-linux-arm64-gnu@1.15.32":
  version "1.15.32"
  resolved "https://registry.yarnpkg.com/@swc/core-linux-arm64-gnu/-/core-linux-arm64-gnu-1.15.32.tgz#7b82e2cc5995e8f919e29f6ce702285f5f1c3ad1"
  integrity sha512-oDzEkdl6D6BAWdMtU5KGO7y3HR5fJcvByNLyEk9+ugj8nP5Ovb7P4kBcStBXc4MPExFGQryehiINMlmY8HlclA==

"@swc/core-linux-arm64-musl@1.15.32":
  version "1.15.32"
  resolved "https://registry.yarnpkg.com/@swc/core-linux-arm64-musl/-/core-linux-arm64-musl-1.15.32.tgz#16c581b9f859b0175a8bab5cbf694bef7dbf95b8"
  integrity sha512-omcqjoZP/b8D8PuczVoRwJieC6ibj7qIxTftNYokz4/aSmKFHvsd7nIFfPk5ZvtzncbH4AY7+Dkr/Lp2gWxYeA==

"@swc/core-linux-ppc64-gnu@1.15.32":
  version "1.15.32"
  resolved "https://registry.yarnpkg.com/@swc/core-linux-ppc64-gnu/-/core-linux-ppc64-gnu-1.15.32.tgz#420f7744dae327c8e4917c87ced5c1b3e0a38f96"
  integrity sha512-KGkTMyz/Tbn3PBNu0AVZ4GTDFKnICrYcTiNPZq8DrvK42pnFsf3GNDrIG9E5AtQlTmC0YigkWKmu0eMcfTrmgA==

"@swc/core-linux-s390x-gnu@1.15.32":
  version "1.15.32"
  resolved "https://registry.yarnpkg.com/@swc/core-linux-s390x-gnu/-/core-linux-s390x-gnu-1.15.32.tgz#9b563a3a73c544f29454e53894bfe533b9a27ffe"
  integrity sha512-G3Aa4tVS/3OGZBkoNIwUF9F6RAy+Osb4GOlo62SinLmDiErz/ykmM7KH0wkz6l9kM8jJq1HyAM6atJTUEbBk7g==

"@swc/core-linux-x64-gnu@1.15.32":
  version "1.15.32"
  resolved "https://registry.yarnpkg.com/@swc/core-linux-x64-gnu/-/core-linux-x64-gnu-1.15.32.tgz#615c7bcc1890379dffcc74b6780e2277e65f4b61"
  integrity sha512-ERsjfGcj6CBmj3vJnGDO8m8rTvw6RqMcWo1dogOtNx3/+/0+NNpJiXDobJrr1GwInI/BHAEkvSFIH6d2LqPcUQ==

"@swc/core-linux-x64-musl@1.15.32":
  version "1.15.32"
  resolved "https://registry.yarnpkg.com/@swc/core-linux-x64-musl/-/core-linux-x64-musl-1.15.32.tgz#038604d25bdebb1d1ad780d827a44654fa4b5bdd"
  integrity sha512-N4Ggahe/8SUbTX50P6EdhbW9YWcgbZVb52R4cq6MK+zsoMjRq7rGvV5ztA05QnbaCYqMYx8rTY7KAIA3Crdo4Q==

"@swc/core-win32-arm64-msvc@1.15.32":
  version "1.15.32"
  resolved "https://registry.yarnpkg.com/@swc/core-win32-arm64-msvc/-/core-win32-arm64-msvc-1.15.32.tgz#c82006e6ef92a998e96d2160b1657f5334af4d54"
  integrity sha512-01yN0o9jvo8xBTP12aPK2wW8b41jmOlGbDDlAnoynotc4pO6xA0zby9f1z6j++qXDpGBttLySq1omgVrlQKYcw==

"@swc/core-win32-ia32-msvc@1.15.32":
  version "1.15.32"
  resolved "https://registry.yarnpkg.com/@swc/core-win32-ia32-msvc/-/core-win32-ia32-msvc-1.15.32.tgz#e2ae1c95bd6599322bc6e9a82685b7537a193f7b"
  integrity sha512-fLagI9XZYNpTcmlqAcp3KBtmj7E19WCmYD80Jxj1Kn5tGNa7yxNLd3NNdWxuZGUPl5iC0/KqZru7g08gF6Fsrw==

"@swc/core-win32-x64-msvc@1.15.32":
  version "1.15.32"
  resolved "https://registry.npmjs.org/@swc/core-win32-x64-msvc/-/core-win32-x64-msvc-1.15.32.tgz"
  integrity sha512-gbc2bQ/T2CiR+w0OvcVKwLOFAcPZBvmWmolbwpg1E8UrpeC03DGtyMUApOHNXNYWA3SHFrYXCQtosrcMza1YFg==

"@swc/core@^1.15.11":
  version "1.15.32"
  resolved "https://registry.npmjs.org/@swc/core/-/core-1.15.32.tgz"
  integrity sha512-/eWL0n43D64QWEUHLtTE+jDqjkJhyidjkDhv6f0uJohOUAhywxQ9wXYp845DNNds0JpCdI4Uo0a9bl+vbXf+ew==
  dependencies:
    "@swc/counter" "^0.1.3"
    "@swc/types" "^0.1.26"
  optionalDependencies:
    "@swc/core-darwin-arm64" "1.15.32"
    "@swc/core-darwin-x64" "1.15.32"
    "@swc/core-linux-arm-gnueabihf" "1.15.32"
    "@swc/core-linux-arm64-gnu" "1.15.32"
    "@swc/core-linux-arm64-musl" "1.15.32"
    "@swc/core-linux-ppc64-gnu" "1.15.32"
    "@swc/core-linux-s390x-gnu" "1.15.32"
    "@swc/core-linux-x64-gnu" "1.15.32"
    "@swc/core-linux-x64-musl" "1.15.32"
    "@swc/core-win32-arm64-msvc" "1.15.32"
    "@swc/core-win32-ia32-msvc" "1.15.32"
    "@swc/core-win32-x64-msvc" "1.15.32"

"@swc/counter@^0.1.3":
  version "0.1.3"
  resolved "https://registry.npmjs.org/@swc/counter/-/counter-0.1.3.tgz"
  integrity sha512-e2BR4lsJkkRlKZ/qCHPw9ZaSxc0MVUd7gtbtaB7aMvHeJVYe8sOB8DBZkP2DtISHGSku9sCK6T6cnY0CtXrOCQ==

"@swc/types@^0.1.26":
  version "0.1.26"
  resolved "https://registry.npmjs.org/@swc/types/-/types-0.1.26.tgz"
  integrity sha512-lyMwd7WGgG79RS7EERZV3T8wMdmPq3xwyg+1nmAM64kIhx5yl+juO2PYIHb7vTiPgPCj8LYjsNV2T5wiQHUEaw==
  dependencies:
    "@swc/counter" "^0.1.3"

"@types/dat.gui@^0.7.13":
  version "0.7.13"
  resolved "https://registry.yarnpkg.com/@types/dat.gui/-/dat.gui-0.7.13.tgz#40bbdcf72714ce46fe624d9d05e8000f1265653c"
  integrity sha512-LmG4Pr0mbsB/1WVttf8xaHx45BvSBDGY5D9+0/9AZCbI4vvOguwBHZdKyJMxt5Yst8+icRSHKmr7ClV2u5ZtDA==

"@vitejs/plugin-react-swc@^4.3.0":
  version "4.3.0"
  resolved "https://registry.npmjs.org/@vitejs/plugin-react-swc/-/plugin-react-swc-4.3.0.tgz"
  integrity sha512-mOkXCII839dHyAt/gpoSlm28JIVDwhZ6tnG6wJxUy2bmOx7UaPjvOyIDf3SFv5s7Eo7HVaq6kRcu6YMEzt5Z7w==
  dependencies:
    "@rolldown/pluginutils" "1.0.0-rc.7"
    "@swc/core" "^1.15.11"
